// !$*UTF8*$!
{
	archiveVersion = 1;
	classes = {
	};
	objectVersion = 52;
	objects = {

/* Begin PBXBuildFile section */
		6FAAD62F24937DF300905C4D /* AppDelegate.swift in Sources */ = {isa = PBXBuildFile; fileRef = 6FAAD62E24937DF300905C4D /* AppDelegate.swift */; };
		6FAAD63124937DF300905C4D /* SceneDelegate.swift in Sources */ = {isa = PBXBuildFile; fileRef = 6FAAD63024937DF300905C4D /* SceneDelegate.swift */; };
		6FAAD63324937DF300905C4D /* ViewController.swift in Sources */ = {isa = PBXBuildFile; fileRef = 6FAAD63224937DF300905C4D /* ViewController.swift */; };
		6FAAD63624937DF300905C4D /* Main.storyboard in Resources */ = {isa = PBXBuildFile; fileRef = 6FAAD63424937DF300905C4D /* Main.storyboard */; };
		6FAAD63824937DF600905C4D /* Assets.xcassets in Resources */ = {isa = PBXBuildFile; fileRef = 6FAAD63724937DF600905C4D /* Assets.xcassets */; };
		6FAAD63B24937DF600905C4D /* LaunchScreen.storyboard in Resources */ = {isa = PBXBuildFile; fileRef = 6FAAD63924937DF600905C4D /* LaunchScreen.storyboard */; };
		6FAAD65124937DF600905C4D /* NextapTaskUITests.swift in Sources */ = {isa = PBXBuildFile; fileRef = 6FAAD65024937DF600905C4D /* NextapTaskUITests.swift */; };
		6FAAD661249382C700905C4D /* Story.swift in Sources */ = {isa = PBXBuildFile; fileRef = 6FAAD660249382C700905C4D /* Story.swift */; };
		6FAAD6652493AA2B00905C4D /* StoriesResponse.swift in Sources */ = {isa = PBXBuildFile; fileRef = 6FAAD6642493AA2B00905C4D /* StoriesResponse.swift */; };
		6FAAD6672493ADBE00905C4D /* User.swift in Sources */ = {isa = PBXBuildFile; fileRef = 6FAAD6662493ADBE00905C4D /* User.swift */; };
		6FAAD6692493B14400905C4D /* UserTests.swift in Sources */ = {isa = PBXBuildFile; fileRef = 6FAAD6682493B14400905C4D /* UserTests.swift */; };
		6FAAD66C2493B19900905C4D /* Nimble in Frameworks */ = {isa = PBXBuildFile; productRef = 6FAAD66B2493B19900905C4D /* Nimble */; };
		6FAAD66E2493B7C200905C4D /* StoryTests.swift in Sources */ = {isa = PBXBuildFile; fileRef = 6FAAD66D2493B7C200905C4D /* StoryTests.swift */; };
		6FAAD6702493B95A00905C4D /* StoriesResponseTests.swift in Sources */ = {isa = PBXBuildFile; fileRef = 6FAAD66F2493B95A00905C4D /* StoriesResponseTests.swift */; };
		6FAAD6732493BC8F00905C4D /* NetworkService.swift in Sources */ = {isa = PBXBuildFile; fileRef = 6FAAD6722493BC8F00905C4D /* NetworkService.swift */; };
		6FAAD6762493BF2F00905C4D /* StellerAPI.swift in Sources */ = {isa = PBXBuildFile; fileRef = 6FAAD6752493BF2F00905C4D /* StellerAPI.swift */; };
		6FAAD6782493C2D500905C4D /* StellerAPI+Endpoints.swift in Sources */ = {isa = PBXBuildFile; fileRef = 6FAAD6772493C2D500905C4D /* StellerAPI+Endpoints.swift */; };
		6FAAD67B2493CAC300905C4D /* StoriesManager.swift in Sources */ = {isa = PBXBuildFile; fileRef = 6FAAD67A2493CAC300905C4D /* StoriesManager.swift */; };
		6FAAD67F2493CDFD00905C4D /* StoriesManagerTests.swift in Sources */ = {isa = PBXBuildFile; fileRef = 6FAAD67E2493CDFD00905C4D /* StoriesManagerTests.swift */; };
		6FAAD6812494104000905C4D /* StoriesManagerError.swift in Sources */ = {isa = PBXBuildFile; fileRef = 6FAAD6802494104000905C4D /* StoriesManagerError.swift */; };
/* End PBXBuildFile section */

/* Begin PBXContainerItemProxy section */
		6FAAD64224937DF600905C4D /* PBXContainerItemProxy */ = {
			isa = PBXContainerItemProxy;
			containerPortal = 6FAAD62324937DF300905C4D /* Project object */;
			proxyType = 1;
			remoteGlobalIDString = 6FAAD62A24937DF300905C4D;
			remoteInfo = NextapTask;
		};
		6FAAD64D24937DF600905C4D /* PBXContainerItemProxy */ = {
			isa = PBXContainerItemProxy;
			containerPortal = 6FAAD62324937DF300905C4D /* Project object */;
			proxyType = 1;
			remoteGlobalIDString = 6FAAD62A24937DF300905C4D;
			remoteInfo = NextapTask;
		};
/* End PBXContainerItemProxy section */

/* Begin PBXFileReference section */
		6FAAD62B24937DF300905C4D /* NextapTask.app */ = {isa = PBXFileReference; explicitFileType = wrapper.application; includeInIndex = 0; path = NextapTask.app; sourceTree = BUILT_PRODUCTS_DIR; };
		6FAAD62E24937DF300905C4D /* AppDelegate.swift */ = {isa = PBXFileReference; lastKnownFileType = sourcecode.swift; path = AppDelegate.swift; sourceTree = "<group>"; };
		6FAAD63024937DF300905C4D /* SceneDelegate.swift */ = {isa = PBXFileReference; lastKnownFileType = sourcecode.swift; path = SceneDelegate.swift; sourceTree = "<group>"; };
		6FAAD63224937DF300905C4D /* ViewController.swift */ = {isa = PBXFileReference; lastKnownFileType = sourcecode.swift; path = ViewController.swift; sourceTree = "<group>"; };
		6FAAD63524937DF300905C4D /* Base */ = {isa = PBXFileReference; lastKnownFileType = file.storyboard; name = Base; path = Base.lproj/Main.storyboard; sourceTree = "<group>"; };
		6FAAD63724937DF600905C4D /* Assets.xcassets */ = {isa = PBXFileReference; lastKnownFileType = folder.assetcatalog; path = Assets.xcassets; sourceTree = "<group>"; };
		6FAAD63A24937DF600905C4D /* Base */ = {isa = PBXFileReference; lastKnownFileType = file.storyboard; name = Base; path = Base.lproj/LaunchScreen.storyboard; sourceTree = "<group>"; };
		6FAAD63C24937DF600905C4D /* Info.plist */ = {isa = PBXFileReference; lastKnownFileType = text.plist.xml; path = Info.plist; sourceTree = "<group>"; };
		6FAAD64124937DF600905C4D /* NextapTaskTests.xctest */ = {isa = PBXFileReference; explicitFileType = wrapper.cfbundle; includeInIndex = 0; path = NextapTaskTests.xctest; sourceTree = BUILT_PRODUCTS_DIR; };
		6FAAD64724937DF600905C4D /* Info.plist */ = {isa = PBXFileReference; lastKnownFileType = text.plist.xml; path = Info.plist; sourceTree = "<group>"; };
		6FAAD64C24937DF600905C4D /* NextapTaskUITests.xctest */ = {isa = PBXFileReference; explicitFileType = wrapper.cfbundle; includeInIndex = 0; path = NextapTaskUITests.xctest; sourceTree = BUILT_PRODUCTS_DIR; };
		6FAAD65024937DF600905C4D /* NextapTaskUITests.swift */ = {isa = PBXFileReference; lastKnownFileType = sourcecode.swift; path = NextapTaskUITests.swift; sourceTree = "<group>"; };
		6FAAD65224937DF600905C4D /* Info.plist */ = {isa = PBXFileReference; lastKnownFileType = text.plist.xml; path = Info.plist; sourceTree = "<group>"; };
		6FAAD660249382C700905C4D /* Story.swift */ = {isa = PBXFileReference; lastKnownFileType = sourcecode.swift; path = Story.swift; sourceTree = "<group>"; };
		6FAAD6642493AA2B00905C4D /* StoriesResponse.swift */ = {isa = PBXFileReference; lastKnownFileType = sourcecode.swift; path = StoriesResponse.swift; sourceTree = "<group>"; };
		6FAAD6662493ADBE00905C4D /* User.swift */ = {isa = PBXFileReference; lastKnownFileType = sourcecode.swift; path = User.swift; sourceTree = "<group>"; };
		6FAAD6682493B14400905C4D /* UserTests.swift */ = {isa = PBXFileReference; lastKnownFileType = sourcecode.swift; path = UserTests.swift; sourceTree = "<group>"; };
		6FAAD66D2493B7C200905C4D /* StoryTests.swift */ = {isa = PBXFileReference; lastKnownFileType = sourcecode.swift; path = StoryTests.swift; sourceTree = "<group>"; };
		6FAAD66F2493B95A00905C4D /* StoriesResponseTests.swift */ = {isa = PBXFileReference; lastKnownFileType = sourcecode.swift; path = StoriesResponseTests.swift; sourceTree = "<group>"; };
		6FAAD6722493BC8F00905C4D /* NetworkService.swift */ = {isa = PBXFileReference; lastKnownFileType = sourcecode.swift; path = NetworkService.swift; sourceTree = "<group>"; };
		6FAAD6752493BF2F00905C4D /* StellerAPI.swift */ = {isa = PBXFileReference; lastKnownFileType = sourcecode.swift; path = StellerAPI.swift; sourceTree = "<group>"; };
		6FAAD6772493C2D500905C4D /* StellerAPI+Endpoints.swift */ = {isa = PBXFileReference; lastKnownFileType = sourcecode.swift; path = "StellerAPI+Endpoints.swift"; sourceTree = "<group>"; };
		6FAAD67A2493CAC300905C4D /* StoriesManager.swift */ = {isa = PBXFileReference; lastKnownFileType = sourcecode.swift; path = StoriesManager.swift; sourceTree = "<group>"; };
		6FAAD67E2493CDFD00905C4D /* StoriesManagerTests.swift */ = {isa = PBXFileReference; lastKnownFileType = sourcecode.swift; path = StoriesManagerTests.swift; sourceTree = "<group>"; };
		6FAAD6802494104000905C4D /* StoriesManagerError.swift */ = {isa = PBXFileReference; lastKnownFileType = sourcecode.swift; path = StoriesManagerError.swift; sourceTree = "<group>"; };
/* End PBXFileReference section */

/* Begin PBXFrameworksBuildPhase section */
		6FAAD62824937DF300905C4D /* Frameworks */ = {
			isa = PBXFrameworksBuildPhase;
			buildActionMask = 2147483647;
			files = (
			);
			runOnlyForDeploymentPostprocessing = 0;
		};
		6FAAD63E24937DF600905C4D /* Frameworks */ = {
			isa = PBXFrameworksBuildPhase;
			buildActionMask = 2147483647;
			files = (
				6FAAD66C2493B19900905C4D /* Nimble in Frameworks */,
			);
			runOnlyForDeploymentPostprocessing = 0;
		};
		6FAAD64924937DF600905C4D /* Frameworks */ = {
			isa = PBXFrameworksBuildPhase;
			buildActionMask = 2147483647;
			files = (
			);
			runOnlyForDeploymentPostprocessing = 0;
		};
/* End PBXFrameworksBuildPhase section */

/* Begin PBXGroup section */
		6FAAD62224937DF300905C4D = {
			isa = PBXGroup;
			children = (
				6FAAD62D24937DF300905C4D /* NextapTask */,
				6FAAD64424937DF600905C4D /* NextapTaskTests */,
				6FAAD64F24937DF600905C4D /* NextapTaskUITests */,
				6FAAD62C24937DF300905C4D /* Products */,
			);
			sourceTree = "<group>";
		};
		6FAAD62C24937DF300905C4D /* Products */ = {
			isa = PBXGroup;
			children = (
				6FAAD62B24937DF300905C4D /* NextapTask.app */,
				6FAAD64124937DF600905C4D /* NextapTaskTests.xctest */,
				6FAAD64C24937DF600905C4D /* NextapTaskUITests.xctest */,
			);
			name = Products;
			sourceTree = "<group>";
		};
		6FAAD62D24937DF300905C4D /* NextapTask */ = {
			isa = PBXGroup;
			children = (
				6FAAD62E24937DF300905C4D /* AppDelegate.swift */,
				6FAAD63024937DF300905C4D /* SceneDelegate.swift */,
				6FAAD63224937DF300905C4D /* ViewController.swift */,
				6FAAD6792493CAAE00905C4D /* Managers */,
				6FAAD65F249382AD00905C4D /* Models */,
				6FAAD6742493BF0200905C4D /* Network */,
				6FAAD65E2493817400905C4D /* Resources */,
				6FAAD6712493BC7E00905C4D /* Services */,
			);
			path = NextapTask;
			sourceTree = "<group>";
		};
		6FAAD64424937DF600905C4D /* NextapTaskTests */ = {
			isa = PBXGroup;
			children = (
				6FAAD64724937DF600905C4D /* Info.plist */,
				6FAAD67D2493CDF000905C4D /* Managers */,
				6FAAD67C2493CDE600905C4D /* Models */,
			);
			path = NextapTaskTests;
			sourceTree = "<group>";
		};
		6FAAD64F24937DF600905C4D /* NextapTaskUITests */ = {
			isa = PBXGroup;
			children = (
				6FAAD65024937DF600905C4D /* NextapTaskUITests.swift */,
				6FAAD65224937DF600905C4D /* Info.plist */,
			);
			path = NextapTaskUITests;
			sourceTree = "<group>";
		};
		6FAAD65E2493817400905C4D /* Resources */ = {
			isa = PBXGroup;
			children = (
				6FAAD63424937DF300905C4D /* Main.storyboard */,
				6FAAD63724937DF600905C4D /* Assets.xcassets */,
				6FAAD63924937DF600905C4D /* LaunchScreen.storyboard */,
				6FAAD63C24937DF600905C4D /* Info.plist */,
			);
			path = Resources;
			sourceTree = "<group>";
		};
		6FAAD65F249382AD00905C4D /* Models */ = {
			isa = PBXGroup;
			children = (
				6FAAD6632493AA1700905C4D /* Responses */,
				6FAAD660249382C700905C4D /* Story.swift */,
				6FAAD6662493ADBE00905C4D /* User.swift */,
			);
			path = Models;
			sourceTree = "<group>";
		};
		6FAAD6632493AA1700905C4D /* Responses */ = {
			isa = PBXGroup;
			children = (
				6FAAD6642493AA2B00905C4D /* StoriesResponse.swift */,
			);
			path = Responses;
			sourceTree = "<group>";
		};
		6FAAD6712493BC7E00905C4D /* Services */ = {
			isa = PBXGroup;
			children = (
				6FAAD6722493BC8F00905C4D /* NetworkService.swift */,
			);
			path = Services;
			sourceTree = "<group>";
		};
		6FAAD6742493BF0200905C4D /* Network */ = {
			isa = PBXGroup;
			children = (
				6FAAD6752493BF2F00905C4D /* StellerAPI.swift */,
				6FAAD6772493C2D500905C4D /* StellerAPI+Endpoints.swift */,
			);
			path = Network;
			sourceTree = "<group>";
		};
		6FAAD6792493CAAE00905C4D /* Managers */ = {
			isa = PBXGroup;
			children = (
				6FAAD67A2493CAC300905C4D /* StoriesManager.swift */,
				6FAAD6802494104000905C4D /* StoriesManagerError.swift */,
			);
			path = Managers;
			sourceTree = "<group>";
		};
		6FAAD67C2493CDE600905C4D /* Models */ = {
			isa = PBXGroup;
			children = (
				6FAAD66F2493B95A00905C4D /* StoriesResponseTests.swift */,
				6FAAD66D2493B7C200905C4D /* StoryTests.swift */,
				6FAAD6682493B14400905C4D /* UserTests.swift */,
			);
			path = Models;
			sourceTree = "<group>";
		};
		6FAAD67D2493CDF000905C4D /* Managers */ = {
			isa = PBXGroup;
			children = (
				6FAAD67E2493CDFD00905C4D /* StoriesManagerTests.swift */,
			);
			path = Managers;
			sourceTree = "<group>";
		};
/* End PBXGroup section */

/* Begin PBXNativeTarget section */
		6FAAD62A24937DF300905C4D /* NextapTask */ = {
			isa = PBXNativeTarget;
			buildConfigurationList = 6FAAD65524937DF600905C4D /* Build configuration list for PBXNativeTarget "NextapTask" */;
			buildPhases = (
				6FAAD62724937DF300905C4D /* Sources */,
				6FAAD62824937DF300905C4D /* Frameworks */,
				6FAAD62924937DF300905C4D /* Resources */,
				6FAAD6622493A9F400905C4D /* SwiftLint */,
			);
			buildRules = (
			);
			dependencies = (
			);
			name = NextapTask;
			productName = NextapTask;
			productReference = 6FAAD62B24937DF300905C4D /* NextapTask.app */;
			productType = "com.apple.product-type.application";
		};
		6FAAD64024937DF600905C4D /* NextapTaskTests */ = {
			isa = PBXNativeTarget;
			buildConfigurationList = 6FAAD65824937DF600905C4D /* Build configuration list for PBXNativeTarget "NextapTaskTests" */;
			buildPhases = (
				6FAAD63D24937DF600905C4D /* Sources */,
				6FAAD63E24937DF600905C4D /* Frameworks */,
				6FAAD63F24937DF600905C4D /* Resources */,
			);
			buildRules = (
			);
			dependencies = (
				6FAAD64324937DF600905C4D /* PBXTargetDependency */,
			);
			name = NextapTaskTests;
			packageProductDependencies = (
				6FAAD66B2493B19900905C4D /* Nimble */,
			);
			productName = NextapTaskTests;
			productReference = 6FAAD64124937DF600905C4D /* NextapTaskTests.xctest */;
			productType = "com.apple.product-type.bundle.unit-test";
		};
		6FAAD64B24937DF600905C4D /* NextapTaskUITests */ = {
			isa = PBXNativeTarget;
			buildConfigurationList = 6FAAD65B24937DF600905C4D /* Build configuration list for PBXNativeTarget "NextapTaskUITests" */;
			buildPhases = (
				6FAAD64824937DF600905C4D /* Sources */,
				6FAAD64924937DF600905C4D /* Frameworks */,
				6FAAD64A24937DF600905C4D /* Resources */,
			);
			buildRules = (
			);
			dependencies = (
				6FAAD64E24937DF600905C4D /* PBXTargetDependency */,
			);
			name = NextapTaskUITests;
			productName = NextapTaskUITests;
			productReference = 6FAAD64C24937DF600905C4D /* NextapTaskUITests.xctest */;
			productType = "com.apple.product-type.bundle.ui-testing";
		};
/* End PBXNativeTarget section */

/* Begin PBXProject section */
		6FAAD62324937DF300905C4D /* Project object */ = {
			isa = PBXProject;
			attributes = {
				LastSwiftUpdateCheck = 1150;
				LastUpgradeCheck = 1150;
				ORGANIZATIONNAME = Jaimeeee;
				TargetAttributes = {
					6FAAD62A24937DF300905C4D = {
						CreatedOnToolsVersion = 11.5;
					};
					6FAAD64024937DF600905C4D = {
						CreatedOnToolsVersion = 11.5;
						TestTargetID = 6FAAD62A24937DF300905C4D;
					};
					6FAAD64B24937DF600905C4D = {
						CreatedOnToolsVersion = 11.5;
						TestTargetID = 6FAAD62A24937DF300905C4D;
					};
				};
			};
			buildConfigurationList = 6FAAD62624937DF300905C4D /* Build configuration list for PBXProject "NextapTask" */;
			compatibilityVersion = "Xcode 9.3";
			developmentRegion = en;
			hasScannedForEncodings = 0;
			knownRegions = (
				en,
				Base,
			);
			mainGroup = 6FAAD62224937DF300905C4D;
			packageReferences = (
				6FAAD66A2493B19900905C4D /* XCRemoteSwiftPackageReference "Nimble" */,
			);
			productRefGroup = 6FAAD62C24937DF300905C4D /* Products */;
			projectDirPath = "";
			projectRoot = "";
			targets = (
				6FAAD62A24937DF300905C4D /* NextapTask */,
				6FAAD64024937DF600905C4D /* NextapTaskTests */,
				6FAAD64B24937DF600905C4D /* NextapTaskUITests */,
			);
		};
/* End PBXProject section */

/* Begin PBXResourcesBuildPhase section */
		6FAAD62924937DF300905C4D /* Resources */ = {
			isa = PBXResourcesBuildPhase;
			buildActionMask = 2147483647;
			files = (
				6FAAD63B24937DF600905C4D /* LaunchScreen.storyboard in Resources */,
				6FAAD63824937DF600905C4D /* Assets.xcassets in Resources */,
				6FAAD63624937DF300905C4D /* Main.storyboard in Resources */,
			);
			runOnlyForDeploymentPostprocessing = 0;
		};
		6FAAD63F24937DF600905C4D /* Resources */ = {
			isa = PBXResourcesBuildPhase;
			buildActionMask = 2147483647;
			files = (
			);
			runOnlyForDeploymentPostprocessing = 0;
		};
		6FAAD64A24937DF600905C4D /* Resources */ = {
			isa = PBXResourcesBuildPhase;
			buildActionMask = 2147483647;
			files = (
			);
			runOnlyForDeploymentPostprocessing = 0;
		};
/* End PBXResourcesBuildPhase section */

/* Begin PBXShellScriptBuildPhase section */
		6FAAD6622493A9F400905C4D /* SwiftLint */ = {
			isa = PBXShellScriptBuildPhase;
			buildActionMask = 2147483647;
			files = (
			);
			inputFileListPaths = (
			);
			inputPaths = (
			);
			name = SwiftLint;
			outputFileListPaths = (
			);
			outputPaths = (
			);
			runOnlyForDeploymentPostprocessing = 0;
			shellPath = /bin/sh;
			shellScript = "if which swiftlint >/dev/null; then\n  swiftlint\nelse\n  echo \"warning: SwiftLint not installed, download from https://github.com/realm/SwiftLint\"\nfi\n";
		};
/* End PBXShellScriptBuildPhase section */

/* Begin PBXSourcesBuildPhase section */
		6FAAD62724937DF300905C4D /* Sources */ = {
			isa = PBXSourcesBuildPhase;
			buildActionMask = 2147483647;
			files = (
				6FAAD6762493BF2F00905C4D /* StellerAPI.swift in Sources */,
				6FAAD67B2493CAC300905C4D /* StoriesManager.swift in Sources */,
				6FAAD63324937DF300905C4D /* ViewController.swift in Sources */,
				6FAAD62F24937DF300905C4D /* AppDelegate.swift in Sources */,
				6FAAD6672493ADBE00905C4D /* User.swift in Sources */,
				6FAAD6812494104000905C4D /* StoriesManagerError.swift in Sources */,
				6FAAD63124937DF300905C4D /* SceneDelegate.swift in Sources */,
				6FAAD6782493C2D500905C4D /* StellerAPI+Endpoints.swift in Sources */,
				6FAAD661249382C700905C4D /* Story.swift in Sources */,
				6FAAD6652493AA2B00905C4D /* StoriesResponse.swift in Sources */,
				6FAAD6732493BC8F00905C4D /* NetworkService.swift in Sources */,
			);
			runOnlyForDeploymentPostprocessing = 0;
		};
		6FAAD63D24937DF600905C4D /* Sources */ = {
			isa = PBXSourcesBuildPhase;
			buildActionMask = 2147483647;
			files = (
				6FAAD6692493B14400905C4D /* UserTests.swift in Sources */,
				6FAAD66E2493B7C200905C4D /* StoryTests.swift in Sources */,
				6FAAD6702493B95A00905C4D /* StoriesResponseTests.swift in Sources */,
				6FAAD67F2493CDFD00905C4D /* StoriesManagerTests.swift in Sources */,
			);
			runOnlyForDeploymentPostprocessing = 0;
		};
		6FAAD64824937DF600905C4D /* Sources */ = {
			isa = PBXSourcesBuildPhase;
			buildActionMask = 2147483647;
			files = (
				6FAAD65124937DF600905C4D /* NextapTaskUITests.swift in Sources */,
			);
			runOnlyForDeploymentPostprocessing = 0;
		};
/* End PBXSourcesBuildPhase section */

/* Begin PBXTargetDependency section */
		6FAAD64324937DF600905C4D /* PBXTargetDependency */ = {
			isa = PBXTargetDependency;
			target = 6FAAD62A24937DF300905C4D /* NextapTask */;
			targetProxy = 6FAAD64224937DF600905C4D /* PBXContainerItemProxy */;
		};
		6FAAD64E24937DF600905C4D /* PBXTargetDependency */ = {
			isa = PBXTargetDependency;
			target = 6FAAD62A24937DF300905C4D /* NextapTask */;
			targetProxy = 6FAAD64D24937DF600905C4D /* PBXContainerItemProxy */;
		};
/* End PBXTargetDependency section */

/* Begin PBXVariantGroup section */
		6FAAD63424937DF300905C4D /* Main.storyboard */ = {
			isa = PBXVariantGroup;
			children = (
				6FAAD63524937DF300905C4D /* Base */,
			);
			name = Main.storyboard;
			sourceTree = "<group>";
		};
		6FAAD63924937DF600905C4D /* LaunchScreen.storyboard */ = {
			isa = PBXVariantGroup;
			children = (
				6FAAD63A24937DF600905C4D /* Base */,
			);
			name = LaunchScreen.storyboard;
			sourceTree = "<group>";
		};
/* End PBXVariantGroup section */

/* Begin XCBuildConfiguration section */
		6FAAD65324937DF600905C4D /* Debug */ = {
			isa = XCBuildConfiguration;
			buildSettings = {
				ALWAYS_SEARCH_USER_PATHS = NO;
				CLANG_ANALYZER_NONNULL = YES;
				CLANG_ANALYZER_NUMBER_OBJECT_CONVERSION = YES_AGGRESSIVE;
				CLANG_CXX_LANGUAGE_STANDARD = "gnu++14";
				CLANG_CXX_LIBRARY = "libc++";
				CLANG_ENABLE_MODULES = YES;
				CLANG_ENABLE_OBJC_ARC = YES;
				CLANG_ENABLE_OBJC_WEAK = YES;
				CLANG_WARN_BLOCK_CAPTURE_AUTORELEASING = YES;
				CLANG_WARN_BOOL_CONVERSION = YES;
				CLANG_WARN_COMMA = YES;
				CLANG_WARN_CONSTANT_CONVERSION = YES;
				CLANG_WARN_DEPRECATED_OBJC_IMPLEMENTATIONS = YES;
				CLANG_WARN_DIRECT_OBJC_ISA_USAGE = YES_ERROR;
				CLANG_WARN_DOCUMENTATION_COMMENTS = YES;
				CLANG_WARN_EMPTY_BODY = YES;
				CLANG_WARN_ENUM_CONVERSION = YES;
				CLANG_WARN_INFINITE_RECURSION = YES;
				CLANG_WARN_INT_CONVERSION = YES;
				CLANG_WARN_NON_LITERAL_NULL_CONVERSION = YES;
				CLANG_WARN_OBJC_IMPLICIT_RETAIN_SELF = YES;
				CLANG_WARN_OBJC_LITERAL_CONVERSION = YES;
				CLANG_WARN_OBJC_ROOT_CLASS = YES_ERROR;
				CLANG_WARN_RANGE_LOOP_ANALYSIS = YES;
				CLANG_WARN_STRICT_PROTOTYPES = YES;
				CLANG_WARN_SUSPICIOUS_MOVE = YES;
				CLANG_WARN_UNGUARDED_AVAILABILITY = YES_AGGRESSIVE;
				CLANG_WARN_UNREACHABLE_CODE = YES;
				CLANG_WARN__DUPLICATE_METHOD_MATCH = YES;
				COPY_PHASE_STRIP = NO;
				DEBUG_INFORMATION_FORMAT = dwarf;
				ENABLE_STRICT_OBJC_MSGSEND = YES;
				ENABLE_TESTABILITY = YES;
				GCC_C_LANGUAGE_STANDARD = gnu11;
				GCC_DYNAMIC_NO_PIC = NO;
				GCC_NO_COMMON_BLOCKS = YES;
				GCC_OPTIMIZATION_LEVEL = 0;
				GCC_PREPROCESSOR_DEFINITIONS = (
					"DEBUG=1",
					"$(inherited)",
				);
				GCC_WARN_64_TO_32_BIT_CONVERSION = YES;
				GCC_WARN_ABOUT_RETURN_TYPE = YES_ERROR;
				GCC_WARN_UNDECLARED_SELECTOR = YES;
				GCC_WARN_UNINITIALIZED_AUTOS = YES_AGGRESSIVE;
				GCC_WARN_UNUSED_FUNCTION = YES;
				GCC_WARN_UNUSED_VARIABLE = YES;
				IPHONEOS_DEPLOYMENT_TARGET = 13.5;
				MTL_ENABLE_DEBUG_INFO = INCLUDE_SOURCE;
				MTL_FAST_MATH = YES;
				ONLY_ACTIVE_ARCH = YES;
				SDKROOT = iphoneos;
				SWIFT_ACTIVE_COMPILATION_CONDITIONS = DEBUG;
				SWIFT_OPTIMIZATION_LEVEL = "-Onone";
			};
			name = Debug;
		};
		6FAAD65424937DF600905C4D /* Release */ = {
			isa = XCBuildConfiguration;
			buildSettings = {
				ALWAYS_SEARCH_USER_PATHS = NO;
				CLANG_ANALYZER_NONNULL = YES;
				CLANG_ANALYZER_NUMBER_OBJECT_CONVERSION = YES_AGGRESSIVE;
				CLANG_CXX_LANGUAGE_STANDARD = "gnu++14";
				CLANG_CXX_LIBRARY = "libc++";
				CLANG_ENABLE_MODULES = YES;
				CLANG_ENABLE_OBJC_ARC = YES;
				CLANG_ENABLE_OBJC_WEAK = YES;
				CLANG_WARN_BLOCK_CAPTURE_AUTORELEASING = YES;
				CLANG_WARN_BOOL_CONVERSION = YES;
				CLANG_WARN_COMMA = YES;
				CLANG_WARN_CONSTANT_CONVERSION = YES;
				CLANG_WARN_DEPRECATED_OBJC_IMPLEMENTATIONS = YES;
				CLANG_WARN_DIRECT_OBJC_ISA_USAGE = YES_ERROR;
				CLANG_WARN_DOCUMENTATION_COMMENTS = YES;
				CLANG_WARN_EMPTY_BODY = YES;
				CLANG_WARN_ENUM_CONVERSION = YES;
				CLANG_WARN_INFINITE_RECURSION = YES;
				CLANG_WARN_INT_CONVERSION = YES;
				CLANG_WARN_NON_LITERAL_NULL_CONVERSION = YES;
				CLANG_WARN_OBJC_IMPLICIT_RETAIN_SELF = YES;
				CLANG_WARN_OBJC_LITERAL_CONVERSION = YES;
				CLANG_WARN_OBJC_ROOT_CLASS = YES_ERROR;
				CLANG_WARN_RANGE_LOOP_ANALYSIS = YES;
				CLANG_WARN_STRICT_PROTOTYPES = YES;
				CLANG_WARN_SUSPICIOUS_MOVE = YES;
				CLANG_WARN_UNGUARDED_AVAILABILITY = YES_AGGRESSIVE;
				CLANG_WARN_UNREACHABLE_CODE = YES;
				CLANG_WARN__DUPLICATE_METHOD_MATCH = YES;
				COPY_PHASE_STRIP = NO;
				DEBUG_INFORMATION_FORMAT = "dwarf-with-dsym";
				ENABLE_NS_ASSERTIONS = NO;
				ENABLE_STRICT_OBJC_MSGSEND = YES;
				GCC_C_LANGUAGE_STANDARD = gnu11;
				GCC_NO_COMMON_BLOCKS = YES;
				GCC_WARN_64_TO_32_BIT_CONVERSION = YES;
				GCC_WARN_ABOUT_RETURN_TYPE = YES_ERROR;
				GCC_WARN_UNDECLARED_SELECTOR = YES;
				GCC_WARN_UNINITIALIZED_AUTOS = YES_AGGRESSIVE;
				GCC_WARN_UNUSED_FUNCTION = YES;
				GCC_WARN_UNUSED_VARIABLE = YES;
				IPHONEOS_DEPLOYMENT_TARGET = 13.5;
				MTL_ENABLE_DEBUG_INFO = NO;
				MTL_FAST_MATH = YES;
				SDKROOT = iphoneos;
				SWIFT_COMPILATION_MODE = wholemodule;
				SWIFT_OPTIMIZATION_LEVEL = "-O";
				VALIDATE_PRODUCT = YES;
			};
			name = Release;
		};
		6FAAD65624937DF600905C4D /* Debug */ = {
			isa = XCBuildConfiguration;
			buildSettings = {
				ASSETCATALOG_COMPILER_APPICON_NAME = AppIcon;
				CODE_SIGN_STYLE = Automatic;
				INFOPLIST_FILE = NextapTask/Resources/Info.plist;
				IPHONEOS_DEPLOYMENT_TARGET = 13.0;
				LD_RUNPATH_SEARCH_PATHS = (
					"$(inherited)",
					"@executable_path/Frameworks",
				);
				PRODUCT_BUNDLE_IDENTIFIER = com.jaimeeee.NextapTask;
				PRODUCT_NAME = "$(TARGET_NAME)";
				SWIFT_VERSION = 5.0;
				TARGETED_DEVICE_FAMILY = "1,2";
			};
			name = Debug;
		};
		6FAAD65724937DF600905C4D /* Release */ = {
			isa = XCBuildConfiguration;
			buildSettings = {
				ASSETCATALOG_COMPILER_APPICON_NAME = AppIcon;
				CODE_SIGN_STYLE = Automatic;
				INFOPLIST_FILE = NextapTask/Resources/Info.plist;
				IPHONEOS_DEPLOYMENT_TARGET = 13.0;
				LD_RUNPATH_SEARCH_PATHS = (
					"$(inherited)",
					"@executable_path/Frameworks",
				);
				PRODUCT_BUNDLE_IDENTIFIER = com.jaimeeee.NextapTask;
				PRODUCT_NAME = "$(TARGET_NAME)";
				SWIFT_VERSION = 5.0;
				TARGETED_DEVICE_FAMILY = "1,2";
			};
			name = Release;
		};
		6FAAD65924937DF600905C4D /* Debug */ = {
			isa = XCBuildConfiguration;
			buildSettings = {
				ALWAYS_EMBED_SWIFT_STANDARD_LIBRARIES = YES;
				BUNDLE_LOADER = "$(TEST_HOST)";
				CODE_SIGN_STYLE = Automatic;
				INFOPLIST_FILE = NextapTaskTests/Info.plist;
				IPHONEOS_DEPLOYMENT_TARGET = 13.5;
				LD_RUNPATH_SEARCH_PATHS = (
					"$(inherited)",
					"@executable_path/Frameworks",
					"@loader_path/Frameworks",
				);
				PRODUCT_BUNDLE_IDENTIFIER = com.jaimeeee.NextapTaskTests;
				PRODUCT_NAME = "$(TARGET_NAME)";
				SWIFT_VERSION = 5.0;
				TARGETED_DEVICE_FAMILY = "1,2";
				TEST_HOST = "$(BUILT_PRODUCTS_DIR)/NextapTask.app/NextapTask";
			};
			name = Debug;
		};
		6FAAD65A24937DF600905C4D /* Release */ = {
			isa = XCBuildConfiguration;
			buildSettings = {
				ALWAYS_EMBED_SWIFT_STANDARD_LIBRARIES = YES;
				BUNDLE_LOADER = "$(TEST_HOST)";
				CODE_SIGN_STYLE = Automatic;
				INFOPLIST_FILE = NextapTaskTests/Info.plist;
				IPHONEOS_DEPLOYMENT_TARGET = 13.5;
				LD_RUNPATH_SEARCH_PATHS = (
					"$(inherited)",
					"@executable_path/Frameworks",
					"@loader_path/Frameworks",
				);
				PRODUCT_BUNDLE_IDENTIFIER = com.jaimeeee.NextapTaskTests;
				PRODUCT_NAME = "$(TARGET_NAME)";
				SWIFT_VERSION = 5.0;
				TARGETED_DEVICE_FAMILY = "1,2";
				TEST_HOST = "$(BUILT_PRODUCTS_DIR)/NextapTask.app/NextapTask";
			};
			name = Release;
		};
		6FAAD65C24937DF600905C4D /* Debug */ = {
			isa = XCBuildConfiguration;
			buildSettings = {
				ALWAYS_EMBED_SWIFT_STANDARD_LIBRARIES = YES;
				CODE_SIGN_STYLE = Automatic;
				INFOPLIST_FILE = NextapTaskUITests/Info.plist;
				LD_RUNPATH_SEARCH_PATHS = (
					"$(inherited)",
					"@executable_path/Frameworks",
					"@loader_path/Frameworks",
				);
				PRODUCT_BUNDLE_IDENTIFIER = com.jaimeeee.NextapTaskUITests;
				PRODUCT_NAME = "$(TARGET_NAME)";
				SWIFT_VERSION = 5.0;
				TARGETED_DEVICE_FAMILY = "1,2";
				TEST_TARGET_NAME = NextapTask;
			};
			name = Debug;
		};
		6FAAD65D24937DF600905C4D /* Release */ = {
			isa = XCBuildConfiguration;
			buildSettings = {
				ALWAYS_EMBED_SWIFT_STANDARD_LIBRARIES = YES;
				CODE_SIGN_STYLE = Automatic;
				INFOPLIST_FILE = NextapTaskUITests/Info.plist;
				LD_RUNPATH_SEARCH_PATHS = (
					"$(inherited)",
					"@executable_path/Frameworks",
					"@loader_path/Frameworks",
				);
				PRODUCT_BUNDLE_IDENTIFIER = com.jaimeeee.NextapTaskUITests;
				PRODUCT_NAME = "$(TARGET_NAME)";
				SWIFT_VERSION = 5.0;
				TARGETED_DEVICE_FAMILY = "1,2";
				TEST_TARGET_NAME = NextapTask;
			};
			name = Release;
		};
/* End XCBuildConfiguration section */

/* Begin XCConfigurationList section */
		6FAAD62624937DF300905C4D /* Build configuration list for PBXProject "NextapTask" */ = {
			isa = XCConfigurationList;
			buildConfigurations = (
				6FAAD65324937DF600905C4D /* Debug */,
				6FAAD65424937DF600905C4D /* Release */,
			);
			defaultConfigurationIsVisible = 0;
			defaultConfigurationName = Release;
		};
		6FAAD65524937DF600905C4D /* Build configuration list for PBXNativeTarget "NextapTask" */ = {
			isa = XCConfigurationList;
			buildConfigurations = (
				6FAAD65624937DF600905C4D /* Debug */,
				6FAAD65724937DF600905C4D /* Release */,
			);
			defaultConfigurationIsVisible = 0;
			defaultConfigurationName = Release;
		};
		6FAAD65824937DF600905C4D /* Build configuration list for PBXNativeTarget "NextapTaskTests" */ = {
			isa = XCConfigurationList;
			buildConfigurations = (
				6FAAD65924937DF600905C4D /* Debug */,
				6FAAD65A24937DF600905C4D /* Release */,
			);
			defaultConfigurationIsVisible = 0;
			defaultConfigurationName = Release;
		};
		6FAAD65B24937DF600905C4D /* Build configuration list for PBXNativeTarget "NextapTaskUITests" */ = {
			isa = XCConfigurationList;
			buildConfigurations = (
				6FAAD65C24937DF600905C4D /* Debug */,
				6FAAD65D24937DF600905C4D /* Release */,
			);
			defaultConfigurationIsVisible = 0;
			defaultConfigurationName = Release;
		};
/* End XCConfigurationList section */

/* Begin XCRemoteSwiftPackageReference section */
		6FAAD66A2493B19900905C4D /* XCRemoteSwiftPackageReference "Nimble" */ = {
			isa = XCRemoteSwiftPackageReference;
			repositoryURL = "https://github.com/Quick/Nimble";
			requirement = {
				kind = upToNextMajorVersion;
				minimumVersion = 8.1.1;
			};
		};
/* End XCRemoteSwiftPackageReference section */

/* Begin XCSwiftPackageProductDependency section */
		6FAAD66B2493B19900905C4D /* Nimble */ = {
			isa = XCSwiftPackageProductDependency;
			package = 6FAAD66A2493B19900905C4D /* XCRemoteSwiftPackageReference "Nimble" */;
			productName = Nimble;
		};
/* End XCSwiftPackageProductDependency section */
	};
	rootObject = 6FAAD62324937DF300905C4D /* Project object */;
}
